
Microsoft Visual Studio Solution File, Format Version 12.00
# Visual Studio Version 16
VisualStudioVersion = 16.0.32106.194
MinimumVisualStudioVersion = 10.0.40219.1
Project("{FAE04EC0-301F-11D3-BF4B-00C04F79EFBC}") = "Рисование сплайнами и кривыми Безье", "Рисование сплайнами и кривыми Безье.csproj", "{9A869298-578E-42C4-B1CD-7679F03F3FB1}"
EndProject
Global
	GlobalSection(SolutionConfigurationPlatforms) = preSolution
		Debug|Any CPU = Debug|Any CPU
		Release|Any CPU = Release|Any CPU
	EndGlobalSection
	GlobalSection(ProjectConfigurationPlatforms) = postSolution
		{9A869298-578E-42C4-B1CD-7679F03F3FB1}.Debug|Any CPU.ActiveCfg = Debug|Any CPU
		{9A869298-578E-42C4-B1CD-7679F03F3FB1}.Debug|Any CPU.Build.0 = Debug|Any CPU
		{9A869298-578E-42C4-B1CD-7679F03F3FB1}.Release|Any CPU.ActiveCfg = Release|Any CPU
		{9A869298-578E-42C4-B1CD-7679F03F3FB1}.Release|Any CPU.Build.0 = Release|Any CPU
	EndGlobalSection
	GlobalSection(SolutionProperties) = preSolution
		HideSolutionNode = FALSE
	EndGlobalSection
	GlobalSection(ExtensibilityGlobals) = postSolution
		SolutionGuid = {1F6DAEF4-85EC-479C-BDB5-09AFE0A758D5}
	EndGlobalSection
EndGlobal
